// !$*UTF8*$!
{
	archiveVersion = 1;
	classes = {
	};
	objectVersion = 48;
	objects = {

/* Begin PBXBuildFile section */
		6EC6BB282A3693838937AB88 /* Pods_Dashboard_2.framework in Frameworks */ = {isa = PBXBuildFile; fileRef = 79E2D9BF168E4B571F940CC5 /* Pods_Dashboard_2.framework */; };
		AB0EDB5820AB916B00BC25C0 /* DashboardControllerExtension.swift in Sources */ = {isa = PBXBuildFile; fileRef = AB0EDB5720AB916B00BC25C0 /* DashboardControllerExtension.swift */; };
		AB0EDB5A20ABDFEA00BC25C0 /* DashboardLayoutCreator.swift in Sources */ = {isa = PBXBuildFile; fileRef = AB0EDB5920ABDFEA00BC25C0 /* DashboardLayoutCreator.swift */; };
		AB0EDB5C20AC90E700BC25C0 /* OptionsController.swift in Sources */ = {isa = PBXBuildFile; fileRef = AB0EDB5B20AC90E600BC25C0 /* OptionsController.swift */; };
		AB0EDB5E20AC951500BC25C0 /* switchCell.swift in Sources */ = {isa = PBXBuildFile; fileRef = AB0EDB5D20AC951500BC25C0 /* switchCell.swift */; };
		AB161F1820ACE90800B53105 /* pickerCell.swift in Sources */ = {isa = PBXBuildFile; fileRef = AB161F1720ACE90800B53105 /* pickerCell.swift */; };
		AB161F1A20AE388B00B53105 /* actualPickerCell.swift in Sources */ = {isa = PBXBuildFile; fileRef = AB161F1920AE388B00B53105 /* actualPickerCell.swift */; };
		AB6A558C20B26DA200F8B589 /* DevicesController.swift in Sources */ = {isa = PBXBuildFile; fileRef = AB6A558B20B26DA200F8B589 /* DevicesController.swift */; };
		AB6A559120B26FB700F8B589 /* DeviceView.swift in Sources */ = {isa = PBXBuildFile; fileRef = AB6A559020B26FB700F8B589 /* DeviceView.swift */; };
		AB6A559320B32B1100F8B589 /* DevicesController2.swift in Sources */ = {isa = PBXBuildFile; fileRef = AB6A559220B32B1100F8B589 /* DevicesController2.swift */; };
		ABBC772D20A5F73000825365 /* AppDelegate.swift in Sources */ = {isa = PBXBuildFile; fileRef = ABBC772C20A5F73000825365 /* AppDelegate.swift */; };
		ABBC772F20A5F73000825365 /* dashBoardController.swift in Sources */ = {isa = PBXBuildFile; fileRef = ABBC772E20A5F73000825365 /* dashBoardController.swift */; };
		ABBC773220A5F73000825365 /* Main.storyboard in Resources */ = {isa = PBXBuildFile; fileRef = ABBC773020A5F73000825365 /* Main.storyboard */; };
		ABBC773420A5F73000825365 /* Assets.xcassets in Resources */ = {isa = PBXBuildFile; fileRef = ABBC773320A5F73000825365 /* Assets.xcassets */; };
		ABBC773720A5F73000825365 /* LaunchScreen.storyboard in Resources */ = {isa = PBXBuildFile; fileRef = ABBC773520A5F73000825365 /* LaunchScreen.storyboard */; };
		ABBC773F20A5F7D700825365 /* GraphView.swift in Sources */ = {isa = PBXBuildFile; fileRef = ABBC773E20A5F7D700825365 /* GraphView.swift */; };
		ABBC774720A5F84700825365 /* Info.plist in Resources */ = {isa = PBXBuildFile; fileRef = ABBC774420A5F84700825365 /* Info.plist */; };
		ABBC774820A5F84700825365 /* KDCircularProgress.swift in Sources */ = {isa = PBXBuildFile; fileRef = ABBC774620A5F84700825365 /* KDCircularProgress.swift */; };
		ABBC774C20A79D8B00825365 /* Extensions.swift in Sources */ = {isa = PBXBuildFile; fileRef = ABBC774B20A79D8B00825365 /* Extensions.swift */; };
		ABBC774E20A9DAB100825365 /* SurfaceCoilController.swift in Sources */ = {isa = PBXBuildFile; fileRef = ABBC774D20A9DAAF00825365 /* SurfaceCoilController.swift */; };
		ABBC775020AA257000825365 /* AVFoundation.framework in Frameworks */ = {isa = PBXBuildFile; fileRef = ABBC774F20AA241500825365 /* AVFoundation.framework */; };
/* End PBXBuildFile section */

/* Begin PBXFileReference section */
		0470ED449F2255F0529BC444 /* Pods-Dashboard 2.debug.xcconfig */ = {isa = PBXFileReference; includeInIndex = 1; lastKnownFileType = text.xcconfig; name = "Pods-Dashboard 2.debug.xcconfig"; path = "Pods/Target Support Files/Pods-Dashboard 2/Pods-Dashboard 2.debug.xcconfig"; sourceTree = "<group>"; };
		79E2D9BF168E4B571F940CC5 /* Pods_Dashboard_2.framework */ = {isa = PBXFileReference; explicitFileType = wrapper.framework; includeInIndex = 0; path = Pods_Dashboard_2.framework; sourceTree = BUILT_PRODUCTS_DIR; };
		AB0EDB5720AB916B00BC25C0 /* DashboardControllerExtension.swift */ = {isa = PBXFileReference; lastKnownFileType = sourcecode.swift; path = DashboardControllerExtension.swift; sourceTree = "<group>"; };
		AB0EDB5920ABDFEA00BC25C0 /* DashboardLayoutCreator.swift */ = {isa = PBXFileReference; lastKnownFileType = sourcecode.swift; path = DashboardLayoutCreator.swift; sourceTree = "<group>"; };
		AB0EDB5B20AC90E600BC25C0 /* OptionsController.swift */ = {isa = PBXFileReference; lastKnownFileType = sourcecode.swift; path = OptionsController.swift; sourceTree = "<group>"; };
		AB0EDB5D20AC951500BC25C0 /* switchCell.swift */ = {isa = PBXFileReference; lastKnownFileType = sourcecode.swift; path = switchCell.swift; sourceTree = "<group>"; };
		AB161F1720ACE90800B53105 /* pickerCell.swift */ = {isa = PBXFileReference; lastKnownFileType = sourcecode.swift; path = pickerCell.swift; sourceTree = "<group>"; };
		AB161F1920AE388B00B53105 /* actualPickerCell.swift */ = {isa = PBXFileReference; lastKnownFileType = sourcecode.swift; path = actualPickerCell.swift; sourceTree = "<group>"; };
		AB6A558B20B26DA200F8B589 /* DevicesController.swift */ = {isa = PBXFileReference; lastKnownFileType = sourcecode.swift; path = DevicesController.swift; sourceTree = "<group>"; };
		AB6A559020B26FB700F8B589 /* DeviceView.swift */ = {isa = PBXFileReference; lastKnownFileType = sourcecode.swift; path = DeviceView.swift; sourceTree = "<group>"; };
		AB6A559220B32B1100F8B589 /* DevicesController2.swift */ = {isa = PBXFileReference; lastKnownFileType = sourcecode.swift; path = DevicesController2.swift; sourceTree = "<group>"; };
		ABBC772920A5F73000825365 /* Dashboard 2.app */ = {isa = PBXFileReference; explicitFileType = wrapper.application; includeInIndex = 0; path = "Dashboard 2.app"; sourceTree = BUILT_PRODUCTS_DIR; };
		ABBC772C20A5F73000825365 /* AppDelegate.swift */ = {isa = PBXFileReference; lastKnownFileType = sourcecode.swift; path = AppDelegate.swift; sourceTree = "<group>"; };
		ABBC772E20A5F73000825365 /* dashBoardController.swift */ = {isa = PBXFileReference; lastKnownFileType = sourcecode.swift; path = dashBoardController.swift; sourceTree = "<group>"; };
		ABBC773120A5F73000825365 /* Base */ = {isa = PBXFileReference; lastKnownFileType = file.storyboard; name = Base; path = Base.lproj/Main.storyboard; sourceTree = "<group>"; };
		ABBC773320A5F73000825365 /* Assets.xcassets */ = {isa = PBXFileReference; lastKnownFileType = folder.assetcatalog; path = Assets.xcassets; sourceTree = "<group>"; };
		ABBC773620A5F73000825365 /* Base */ = {isa = PBXFileReference; lastKnownFileType = file.storyboard; name = Base; path = Base.lproj/LaunchScreen.storyboard; sourceTree = "<group>"; };
		ABBC773820A5F73000825365 /* Info.plist */ = {isa = PBXFileReference; lastKnownFileType = text.plist.xml; path = Info.plist; sourceTree = "<group>"; };
		ABBC773E20A5F7D700825365 /* GraphView.swift */ = {isa = PBXFileReference; lastKnownFileType = sourcecode.swift; path = GraphView.swift; sourceTree = "<group>"; };
		ABBC774420A5F84700825365 /* Info.plist */ = {isa = PBXFileReference; fileEncoding = 4; lastKnownFileType = text.plist.xml; path = Info.plist; sourceTree = "<group>"; };
		ABBC774520A5F84700825365 /* KDCircularProgress.h */ = {isa = PBXFileReference; fileEncoding = 4; lastKnownFileType = sourcecode.c.h; path = KDCircularProgress.h; sourceTree = "<group>"; };
		ABBC774620A5F84700825365 /* KDCircularProgress.swift */ = {isa = PBXFileReference; fileEncoding = 4; lastKnownFileType = sourcecode.swift; path = KDCircularProgress.swift; sourceTree = "<group>"; };
		ABBC774B20A79D8B00825365 /* Extensions.swift */ = {isa = PBXFileReference; lastKnownFileType = sourcecode.swift; path = Extensions.swift; sourceTree = "<group>"; };
		ABBC774D20A9DAAF00825365 /* SurfaceCoilController.swift */ = {isa = PBXFileReference; lastKnownFileType = sourcecode.swift; path = SurfaceCoilController.swift; sourceTree = "<group>"; };
		ABBC774F20AA241500825365 /* AVFoundation.framework */ = {isa = PBXFileReference; lastKnownFileType = wrapper.framework; name = AVFoundation.framework; path = System/Library/Frameworks/AVFoundation.framework; sourceTree = SDKROOT; };
		B19D281E05C588D7297C4936 /* Pods-Dashboard 2.release.xcconfig */ = {isa = PBXFileReference; includeInIndex = 1; lastKnownFileType = text.xcconfig; name = "Pods-Dashboard 2.release.xcconfig"; path = "Pods/Target Support Files/Pods-Dashboard 2/Pods-Dashboard 2.release.xcconfig"; sourceTree = "<group>"; };
/* End PBXFileReference section */

/* Begin PBXFrameworksBuildPhase section */
		ABBC772620A5F73000825365 /* Frameworks */ = {
			isa = PBXFrameworksBuildPhase;
			buildActionMask = 2147483647;
			files = (
				ABBC775020AA257000825365 /* AVFoundation.framework in Frameworks */,
				6EC6BB282A3693838937AB88 /* Pods_Dashboard_2.framework in Frameworks */,
			);
			runOnlyForDeploymentPostprocessing = 0;
		};
/* End PBXFrameworksBuildPhase section */

/* Begin PBXGroup section */
		6AABBFD45EA8DEDCF2468709 /* Pods */ = {
			isa = PBXGroup;
			children = (
				0470ED449F2255F0529BC444 /* Pods-Dashboard 2.debug.xcconfig */,
				B19D281E05C588D7297C4936 /* Pods-Dashboard 2.release.xcconfig */,
			);
			name = Pods;
			sourceTree = "<group>";
		};
		716BD1BF35D0D055611FE943 /* Frameworks */ = {
			isa = PBXGroup;
			children = (
				ABBC774F20AA241500825365 /* AVFoundation.framework */,
				79E2D9BF168E4B571F940CC5 /* Pods_Dashboard_2.framework */,
			);
			name = Frameworks;
			sourceTree = "<group>";
		};
		AB6A558E20B26E1800F8B589 /* Controller */ = {
			isa = PBXGroup;
			children = (
				ABBC772E20A5F73000825365 /* dashBoardController.swift */,
				AB0EDB5920ABDFEA00BC25C0 /* DashboardLayoutCreator.swift */,
				ABBC774D20A9DAAF00825365 /* SurfaceCoilController.swift */,
				AB0EDB5B20AC90E600BC25C0 /* OptionsController.swift */,
				AB6A558B20B26DA200F8B589 /* DevicesController.swift */,
				AB6A559220B32B1100F8B589 /* DevicesController2.swift */,
			);
			path = Controller;
			sourceTree = "<group>";
		};
		AB6A558F20B26E4400F8B589 /* CustomCells */ = {
			isa = PBXGroup;
			children = (
				AB0EDB5D20AC951500BC25C0 /* switchCell.swift */,
				AB161F1720ACE90800B53105 /* pickerCell.swift */,
				AB161F1920AE388B00B53105 /* actualPickerCell.swift */,
			);
			path = CustomCells;
			sourceTree = "<group>";
		};
		ABBC772020A5F73000825365 = {
			isa = PBXGroup;
			children = (
				ABBC772B20A5F73000825365 /* Dashboard 2 */,
				ABBC772A20A5F73000825365 /* Products */,
				6AABBFD45EA8DEDCF2468709 /* Pods */,
				716BD1BF35D0D055611FE943 /* Frameworks */,
			);
			sourceTree = "<group>";
		};
		ABBC772A20A5F73000825365 /* Products */ = {
			isa = PBXGroup;
			children = (
				ABBC772920A5F73000825365 /* Dashboard 2.app */,
			);
			name = Products;
			sourceTree = "<group>";
		};
		ABBC772B20A5F73000825365 /* Dashboard 2 */ = {
			isa = PBXGroup;
			children = (
				ABBC774320A5F84700825365 /* KDCircularProgress */,
				ABBC772C20A5F73000825365 /* AppDelegate.swift */,
				AB0EDB5720AB916B00BC25C0 /* DashboardControllerExtension.swift */,
				AB6A558E20B26E1800F8B589 /* Controller */,
				AB6A558F20B26E4400F8B589 /* CustomCells */,
				AB6A559020B26FB700F8B589 /* DeviceView.swift */,
				ABBC773E20A5F7D700825365 /* GraphView.swift */,
				ABBC774B20A79D8B00825365 /* Extensions.swift */,
				ABBC773020A5F73000825365 /* Main.storyboard */,
				ABBC773320A5F73000825365 /* Assets.xcassets */,
				ABBC773520A5F73000825365 /* LaunchScreen.storyboard */,
				ABBC773820A5F73000825365 /* Info.plist */,
			);
			path = "Dashboard 2";
			sourceTree = "<group>";
		};
		ABBC774320A5F84700825365 /* KDCircularProgress */ = {
			isa = PBXGroup;
			children = (
				ABBC774420A5F84700825365 /* Info.plist */,
				ABBC774520A5F84700825365 /* KDCircularProgress.h */,
				ABBC774620A5F84700825365 /* KDCircularProgress.swift */,
			);
			name = KDCircularProgress;
			path = "../../../Downloads/KDCircularProgress-master/KDCircularProgress";
			sourceTree = "<group>";
		};
/* End PBXGroup section */

/* Begin PBXNativeTarget section */
		ABBC772820A5F73000825365 /* Dashboard 2 */ = {
			isa = PBXNativeTarget;
			buildConfigurationList = ABBC773B20A5F73000825365 /* Build configuration list for PBXNativeTarget "Dashboard 2" */;
			buildPhases = (
				B90C14833A8A447734913DE0 /* [CP] Check Pods Manifest.lock */,
				ABBC772520A5F73000825365 /* Sources */,
				ABBC772620A5F73000825365 /* Frameworks */,
				ABBC772720A5F73000825365 /* Resources */,
				4ED1080D489954713ECA39E4 /* [CP] Embed Pods Frameworks */,
				6CE67042CAF4C7CF04E04DE6 /* [CP] Copy Pods Resources */,
			);
			buildRules = (
			);
			dependencies = (
			);
			name = "Dashboard 2";
			productName = "Dashboard 2";
			productReference = ABBC772920A5F73000825365 /* Dashboard 2.app */;
			productType = "com.apple.product-type.application";
		};
/* End PBXNativeTarget section */

/* Begin PBXProject section */
		ABBC772120A5F73000825365 /* Project object */ = {
			isa = PBXProject;
			attributes = {
				LastSwiftUpdateCheck = 0910;
				LastUpgradeCheck = 0910;
				ORGANIZATIONNAME = jallen.studios;
				TargetAttributes = {
					ABBC772820A5F73000825365 = {
						CreatedOnToolsVersion = 9.1;
						ProvisioningStyle = Automatic;
					};
				};
			};
			buildConfigurationList = ABBC772420A5F73000825365 /* Build configuration list for PBXProject "Dashboard 2" */;
			compatibilityVersion = "Xcode 8.0";
			developmentRegion = en;
			hasScannedForEncodings = 0;
			knownRegions = (
				en,
				Base,
			);
			mainGroup = ABBC772020A5F73000825365;
			productRefGroup = ABBC772A20A5F73000825365 /* Products */;
			projectDirPath = "";
			projectRoot = "";
			targets = (
				ABBC772820A5F73000825365 /* Dashboard 2 */,
			);
		};
/* End PBXProject section */

/* Begin PBXResourcesBuildPhase section */
		ABBC772720A5F73000825365 /* Resources */ = {
			isa = PBXResourcesBuildPhase;
			buildActionMask = 2147483647;
			files = (
				ABBC774720A5F84700825365 /* Info.plist in Resources */,
				ABBC773720A5F73000825365 /* LaunchScreen.storyboard in Resources */,
				ABBC773420A5F73000825365 /* Assets.xcassets in Resources */,
				ABBC773220A5F73000825365 /* Main.storyboard in Resources */,
			);
			runOnlyForDeploymentPostprocessing = 0;
		};
/* End PBXResourcesBuildPhase section */

/* Begin PBXShellScriptBuildPhase section */
		4ED1080D489954713ECA39E4 /* [CP] Embed Pods Frameworks */ = {
			isa = PBXShellScriptBuildPhase;
			buildActionMask = 2147483647;
			files = (
			);
			inputPaths = (
				"${SRCROOT}/Pods/Target Support Files/Pods-Dashboard 2/Pods-Dashboard 2-frameworks.sh",
				"${BUILT_PRODUCTS_DIR}/Charts/Charts.framework",
				"${BUILT_PRODUCTS_DIR}/GTProgressBar/GTProgressBar.framework",
			);
			name = "[CP] Embed Pods Frameworks";
			outputPaths = (
				"${TARGET_BUILD_DIR}/${FRAMEWORKS_FOLDER_PATH}/Charts.framework",
				"${TARGET_BUILD_DIR}/${FRAMEWORKS_FOLDER_PATH}/GTProgressBar.framework",
			);
			runOnlyForDeploymentPostprocessing = 0;
			shellPath = /bin/sh;
			shellScript = "\"${SRCROOT}/Pods/Target Support Files/Pods-Dashboard 2/Pods-Dashboard 2-frameworks.sh\"\n";
			showEnvVarsInLog = 0;
		};
		6CE67042CAF4C7CF04E04DE6 /* [CP] Copy Pods Resources */ = {
			isa = PBXShellScriptBuildPhase;
			buildActionMask = 2147483647;
			files = (
			);
			inputPaths = (
			);
			name = "[CP] Copy Pods Resources";
			outputPaths = (
			);
			runOnlyForDeploymentPostprocessing = 0;
			shellPath = /bin/sh;
			shellScript = "\"${SRCROOT}/Pods/Target Support Files/Pods-Dashboard 2/Pods-Dashboard 2-resources.sh\"\n";
			showEnvVarsInLog = 0;
		};
		B90C14833A8A447734913DE0 /* [CP] Check Pods Manifest.lock */ = {
			isa = PBXShellScriptBuildPhase;
			buildActionMask = 2147483647;
			files = (
			);
			inputPaths = (
				"${PODS_PODFILE_DIR_PATH}/Podfile.lock",
				"${PODS_ROOT}/Manifest.lock",
			);
			name = "[CP] Check Pods Manifest.lock";
			outputPaths = (
				"$(DERIVED_FILE_DIR)/Pods-Dashboard 2-checkManifestLockResult.txt",
			);
			runOnlyForDeploymentPostprocessing = 0;
			shellPath = /bin/sh;
			shellScript = "diff \"${PODS_PODFILE_DIR_PATH}/Podfile.lock\" \"${PODS_ROOT}/Manifest.lock\" > /dev/null\nif [ $? != 0 ] ; then\n    # print error to STDERR\n    echo \"error: The sandbox is not in sync with the Podfile.lock. Run 'pod install' or update your CocoaPods installation.\" >&2\n    exit 1\nfi\n# This output is used by Xcode 'outputs' to avoid re-running this script phase.\necho \"SUCCESS\" > \"${SCRIPT_OUTPUT_FILE_0}\"\n";
			showEnvVarsInLog = 0;
		};
/* End PBXShellScriptBuildPhase section */

/* Begin PBXSourcesBuildPhase section */
		ABBC772520A5F73000825365 /* Sources */ = {
			isa = PBXSourcesBuildPhase;
			buildActionMask = 2147483647;
			files = (
				AB6A558C20B26DA200F8B589 /* DevicesController.swift in Sources */,
				AB6A559120B26FB700F8B589 /* DeviceView.swift in Sources */,
				AB0EDB5820AB916B00BC25C0 /* DashboardControllerExtension.swift in Sources */,
				AB161F1820ACE90800B53105 /* pickerCell.swift in Sources */,
				AB0EDB5C20AC90E700BC25C0 /* OptionsController.swift in Sources */,
				ABBC774E20A9DAB100825365 /* SurfaceCoilController.swift in Sources */,
				ABBC774C20A79D8B00825365 /* Extensions.swift in Sources */,
				ABBC774820A5F84700825365 /* KDCircularProgress.swift in Sources */,
				ABBC772F20A5F73000825365 /* dashBoardController.swift in Sources */,
				AB6A559320B32B1100F8B589 /* DevicesController2.swift in Sources */,
				AB0EDB5A20ABDFEA00BC25C0 /* DashboardLayoutCreator.swift in Sources */,
				AB161F1A20AE388B00B53105 /* actualPickerCell.swift in Sources */,
				ABBC772D20A5F73000825365 /* AppDelegate.swift in Sources */,
				ABBC773F20A5F7D700825365 /* GraphView.swift in Sources */,
				AB0EDB5E20AC951500BC25C0 /* switchCell.swift in Sources */,
			);
			runOnlyForDeploymentPostprocessing = 0;
		};
/* End PBXSourcesBuildPhase section */

/* Begin PBXVariantGroup section */
		ABBC773020A5F73000825365 /* Main.storyboard */ = {
			isa = PBXVariantGroup;
			children = (
				ABBC773120A5F73000825365 /* Base */,
			);
			name = Main.storyboard;
			sourceTree = "<group>";
		};
		ABBC773520A5F73000825365 /* LaunchScreen.storyboard */ = {
			isa = PBXVariantGroup;
			children = (
				ABBC773620A5F73000825365 /* Base */,
			);
			name = LaunchScreen.storyboard;
			sourceTree = "<group>";
		};
/* End PBXVariantGroup section */

/* Begin XCBuildConfiguration section */
		ABBC773920A5F73000825365 /* Debug */ = {
			isa = XCBuildConfiguration;
			buildSettings = {
				ALWAYS_SEARCH_USER_PATHS = NO;
				CLANG_ANALYZER_NONNULL = YES;
				CLANG_ANALYZER_NUMBER_OBJECT_CONVERSION = YES_AGGRESSIVE;
				CLANG_CXX_LANGUAGE_STANDARD = "gnu++14";
				CLANG_CXX_LIBRARY = "libc++";
				CLANG_ENABLE_MODULES = YES;
				CLANG_ENABLE_OBJC_ARC = YES;
				CLANG_WARN_BLOCK_CAPTURE_AUTORELEASING = YES;
				CLANG_WARN_BOOL_CONVERSION = YES;
				CLANG_WARN_COMMA = YES;
				CLANG_WARN_CONSTANT_CONVERSION = YES;
				CLANG_WARN_DIRECT_OBJC_ISA_USAGE = YES_ERROR;
				CLANG_WARN_DOCUMENTATION_COMMENTS = YES;
				CLANG_WARN_EMPTY_BODY = YES;
				CLANG_WARN_ENUM_CONVERSION = YES;
				CLANG_WARN_INFINITE_RECURSION = YES;
				CLANG_WARN_INT_CONVERSION = YES;
				CLANG_WARN_NON_LITERAL_NULL_CONVERSION = YES;
				CLANG_WARN_OBJC_LITERAL_CONVERSION = YES;
				CLANG_WARN_OBJC_ROOT_CLASS = YES_ERROR;
				CLANG_WARN_RANGE_LOOP_ANALYSIS = YES;
				CLANG_WARN_STRICT_PROTOTYPES = YES;
				CLANG_WARN_SUSPICIOUS_MOVE = YES;
				CLANG_WARN_UNGUARDED_AVAILABILITY = YES_AGGRESSIVE;
				CLANG_WARN_UNREACHABLE_CODE = YES;
				CLANG_WARN__DUPLICATE_METHOD_MATCH = YES;
				CODE_SIGN_IDENTITY = "iPhone Developer";
				COPY_PHASE_STRIP = NO;
				DEBUG_INFORMATION_FORMAT = dwarf;
				ENABLE_STRICT_OBJC_MSGSEND = YES;
				ENABLE_TESTABILITY = YES;
				GCC_C_LANGUAGE_STANDARD = gnu11;
				GCC_DYNAMIC_NO_PIC = NO;
				GCC_NO_COMMON_BLOCKS = YES;
				GCC_OPTIMIZATION_LEVEL = 0;
				GCC_PREPROCESSOR_DEFINITIONS = (
					"DEBUG=1",
					"$(inherited)",
				);
				GCC_WARN_64_TO_32_BIT_CONVERSION = YES;
				GCC_WARN_ABOUT_RETURN_TYPE = YES_ERROR;
				GCC_WARN_UNDECLARED_SELECTOR = YES;
				GCC_WARN_UNINITIALIZED_AUTOS = YES_AGGRESSIVE;
				GCC_WARN_UNUSED_FUNCTION = YES;
				GCC_WARN_UNUSED_VARIABLE = YES;
				IPHONEOS_DEPLOYMENT_TARGET = 11.1;
				MTL_ENABLE_DEBUG_INFO = YES;
				ONLY_ACTIVE_ARCH = YES;
				SDKROOT = iphoneos;
				SWIFT_ACTIVE_COMPILATION_CONDITIONS = DEBUG;
				SWIFT_OPTIMIZATION_LEVEL = "-Onone";
			};
			name = Debug;
		};
		ABBC773A20A5F73000825365 /* Release */ = {
			isa = XCBuildConfiguration;
			buildSettings = {
				ALWAYS_SEARCH_USER_PATHS = NO;
				CLANG_ANALYZER_NONNULL = YES;
				CLANG_ANALYZER_NUMBER_OBJECT_CONVERSION = YES_AGGRESSIVE;
				CLANG_CXX_LANGUAGE_STANDARD = "gnu++14";
				CLANG_CXX_LIBRARY = "libc++";
				CLANG_ENABLE_MODULES = YES;
				CLANG_ENABLE_OBJC_ARC = YES;
				CLANG_WARN_BLOCK_CAPTURE_AUTORELEASING = YES;
				CLANG_WARN_BOOL_CONVERSION = YES;
				CLANG_WARN_COMMA = YES;
				CLANG_WARN_CONSTANT_CONVERSION = YES;
				CLANG_WARN_DIRECT_OBJC_ISA_USAGE = YES_ERROR;
				CLANG_WARN_DOCUMENTATION_COMMENTS = YES;
				CLANG_WARN_EMPTY_BODY = YES;
				CLANG_WARN_ENUM_CONVERSION = YES;
				CLANG_WARN_INFINITE_RECURSION = YES;
				CLANG_WARN_INT_CONVERSION = YES;
				CLANG_WARN_NON_LITERAL_NULL_CONVERSION = YES;
				CLANG_WARN_OBJC_LITERAL_CONVERSION = YES;
				CLANG_WARN_OBJC_ROOT_CLASS = YES_ERROR;
				CLANG_WARN_RANGE_LOOP_ANALYSIS = YES;
				CLANG_WARN_STRICT_PROTOTYPES = YES;
				CLANG_WARN_SUSPICIOUS_MOVE = YES;
				CLANG_WARN_UNGUARDED_AVAILABILITY = YES_AGGRESSIVE;
				CLANG_WARN_UNREACHABLE_CODE = YES;
				CLANG_WARN__DUPLICATE_METHOD_MATCH = YES;
				CODE_SIGN_IDENTITY = "iPhone Developer";
				COPY_PHASE_STRIP = NO;
				DEBUG_INFORMATION_FORMAT = "dwarf-with-dsym";
				ENABLE_NS_ASSERTIONS = NO;
				ENABLE_STRICT_OBJC_MSGSEND = YES;
				GCC_C_LANGUAGE_STANDARD = gnu11;
				GCC_NO_COMMON_BLOCKS = YES;
				GCC_WARN_64_TO_32_BIT_CONVERSION = YES;
				GCC_WARN_ABOUT_RETURN_TYPE = YES_ERROR;
				GCC_WARN_UNDECLARED_SELECTOR = YES;
				GCC_WARN_UNINITIALIZED_AUTOS = YES_AGGRESSIVE;
				GCC_WARN_UNUSED_FUNCTION = YES;
				GCC_WARN_UNUSED_VARIABLE = YES;
				IPHONEOS_DEPLOYMENT_TARGET = 11.1;
				MTL_ENABLE_DEBUG_INFO = NO;
				SDKROOT = iphoneos;
				SWIFT_OPTIMIZATION_LEVEL = "-Owholemodule";
				VALIDATE_PRODUCT = YES;
			};
			name = Release;
		};
		ABBC773C20A5F73000825365 /* Debug */ = {
			isa = XCBuildConfiguration;
			baseConfigurationReference = 0470ED449F2255F0529BC444 /* Pods-Dashboard 2.debug.xcconfig */;
			buildSettings = {
				ASSETCATALOG_COMPILER_APPICON_NAME = AppIcon;
				CODE_SIGN_STYLE = Automatic;
				DEVELOPMENT_TEAM = 63BV22WAC6;
				INFOPLIST_FILE = "Dashboard 2/Info.plist";
				IPHONEOS_DEPLOYMENT_TARGET = 9.0;
				LD_RUNPATH_SEARCH_PATHS = "$(inherited) @executable_path/Frameworks";
				PRODUCT_BUNDLE_IDENTIFIER = "jallen.studios.Dashboard-2";
				PRODUCT_NAME = "$(TARGET_NAME)";
				SWIFT_VERSION = 4.0;
				TARGETED_DEVICE_FAMILY = "1,2";
			};
			name = Debug;
		};
		ABBC773D20A5F73000825365 /* Release */ = {
			isa = XCBuildConfiguration;
			baseConfigurationReference = B19D281E05C588D7297C4936 /* Pods-Dashboard 2.release.xcconfig */;
			buildSettings = {
				ASSETCATALOG_COMPILER_APPICON_NAME = AppIcon;
				CODE_SIGN_STYLE = Automatic;
				DEVELOPMENT_TEAM = 63BV22WAC6;
				INFOPLIST_FILE = "Dashboard 2/Info.plist";
				IPHONEOS_DEPLOYMENT_TARGET = 9.0;
				LD_RUNPATH_SEARCH_PATHS = "$(inherited) @executable_path/Frameworks";
				PRODUCT_BUNDLE_IDENTIFIER = "jallen.studios.Dashboard-2";
				PRODUCT_NAME = "$(TARGET_NAME)";
				SWIFT_VERSION = 4.0;
				TARGETED_DEVICE_FAMILY = "1,2";
			};
			name = Release;
		};
/* End XCBuildConfiguration section */

/* Begin XCConfigurationList section */
		ABBC772420A5F73000825365 /* Build configuration list for PBXProject "Dashboard 2" */ = {
			isa = XCConfigurationList;
			buildConfigurations = (
				ABBC773920A5F73000825365 /* Debug */,
				ABBC773A20A5F73000825365 /* Release */,
			);
			defaultConfigurationIsVisible = 0;
			defaultConfigurationName = Release;
		};
		ABBC773B20A5F73000825365 /* Build configuration list for PBXNativeTarget "Dashboard 2" */ = {
			isa = XCConfigurationList;
			buildConfigurations = (
				ABBC773C20A5F73000825365 /* Debug */,
				ABBC773D20A5F73000825365 /* Release */,
			);
			defaultConfigurationIsVisible = 0;
			defaultConfigurationName = Release;
		};
/* End XCConfigurationList section */
	};
	rootObject = ABBC772120A5F73000825365 /* Project object */;
}
